// !$*UTF8*$!
{
	archiveVersion = 1;
	classes = {
	};
	objectVersion = 52;
	objects = {

/* Begin PBXBuildFile section */
		21283DCA25EF344B0002D3FF /* PeerResponse.swift in Sources */ = {isa = PBXBuildFile; fileRef = 21283DC925EF344B0002D3FF /* PeerResponse.swift */; };
		212AE41525D0984B00C3813F /* AnyObject+Extensions.swift in Sources */ = {isa = PBXBuildFile; fileRef = 212AE41425D0984B00C3813F /* AnyObject+Extensions.swift */; };
		212AE42C25D0A9D700C3813F /* NWConnection+SOCKS5.swift in Sources */ = {isa = PBXBuildFile; fileRef = 212AE42B25D0A9D700C3813F /* NWConnection+SOCKS5.swift */; };
		212AE44B25D1EEF400C3813F /* IntField.swift in Sources */ = {isa = PBXBuildFile; fileRef = 212AE44A25D1EEF400C3813F /* IntField.swift */; };
		2132FB9025E70A3A00196128 /* AboutView.swift in Sources */ = {isa = PBXBuildFile; fileRef = 2132FB8F25E70A3A00196128 /* AboutView.swift */; };
		21351D2025F825E300DC24B7 /* NWError+Codable.swift in Sources */ = {isa = PBXBuildFile; fileRef = 21351D1F25F825E300DC24B7 /* NWError+Codable.swift */; };
		21351D2825F8261800DC24B7 /* NWError+CodableTest.swift in Sources */ = {isa = PBXBuildFile; fileRef = 21351D2725F8261800DC24B7 /* NWError+CodableTest.swift */; };
		213DEC6625D645DF00C0411D /* BindPort.swift in Sources */ = {isa = PBXBuildFile; fileRef = 213DEC6525D645DF00C0411D /* BindPort.swift */; };
		2154B8A625E23CE900C2DA1D /* View+NavButtons.swift in Sources */ = {isa = PBXBuildFile; fileRef = 2154B8A525E23CE900C2DA1D /* View+NavButtons.swift */; };
		215BF40525E83A9D00BC2A09 /* MainScene.swift in Sources */ = {isa = PBXBuildFile; fileRef = 215BF40425E83A9D00BC2A09 /* MainScene.swift */; };
		215BF41A25E8460200BC2A09 /* MyNavigationView.swift in Sources */ = {isa = PBXBuildFile; fileRef = 215BF41925E8460200BC2A09 /* MyNavigationView.swift */; };
		215EE3B325CA1BCF00045BFB /* DeviceInfo.swift in Sources */ = {isa = PBXBuildFile; fileRef = 215EE3B225CA1BCF00045BFB /* DeviceInfo.swift */; };
		215F780F25FFB4AC00792945 /* WebView.swift in Sources */ = {isa = PBXBuildFile; fileRef = 215F780E25FFB4AC00792945 /* WebView.swift */; };
		2161EAE925FD8DB0002CDF5B /* NWHTTPServer in Frameworks */ = {isa = PBXBuildFile; productRef = 2161EAE825FD8DB0002CDF5B /* NWHTTPServer */; };
		2161EAF225FD93D0002CDF5B /* Licenses in Resources */ = {isa = PBXBuildFile; fileRef = 2161EAF125FD93D0002CDF5B /* Licenses */; };
		2162AD8D25CE01BD00193520 /* PeerRequest.swift in Sources */ = {isa = PBXBuildFile; fileRef = 2162AD8C25CE01BD00193520 /* PeerRequest.swift */; };
		2162AD9525CE052100193520 /* DataConvertible.swift in Sources */ = {isa = PBXBuildFile; fileRef = 2162AD9425CE052100193520 /* DataConvertible.swift */; };
		216B42E825DE0F07009225AA /* SettingsView.swift in Sources */ = {isa = PBXBuildFile; fileRef = 216B42E725DE0F07009225AA /* SettingsView.swift */; };
		216B4E8525D0556F00486B42 /* ConnectionForPeer.swift in Sources */ = {isa = PBXBuildFile; fileRef = 216B4E8425D0556F00486B42 /* ConnectionForPeer.swift */; };
		216B4E8A25D0557D00486B42 /* ConnectionFromPeer.swift in Sources */ = {isa = PBXBuildFile; fileRef = 216B4E8925D0557D00486B42 /* ConnectionFromPeer.swift */; };
		2186D32A25DF253600361CFD /* NWEndpoint+Codable.swift in Sources */ = {isa = PBXBuildFile; fileRef = 2186D32925DF253600361CFD /* NWEndpoint+Codable.swift */; };
		2186D32F25DF677300361CFD /* Result+Extensions.swift in Sources */ = {isa = PBXBuildFile; fileRef = 2186D32E25DF677300361CFD /* Result+Extensions.swift */; };
		2186D33725DF6A7A00361CFD /* UserError.swift in Sources */ = {isa = PBXBuildFile; fileRef = 2186D33625DF6A7A00361CFD /* UserError.swift */; };
		21882DFD25E88DBB0093B42C /* LocationListener.swift in Sources */ = {isa = PBXBuildFile; fileRef = 21882DFC25E88DBB0093B42C /* LocationListener.swift */; };
		21882E4025EDC1D60093B42C /* NWConnection+Peer.swift in Sources */ = {isa = PBXBuildFile; fileRef = 21882E3F25EDC1D60093B42C /* NWConnection+Peer.swift */; };
		218CE57025CA091300FBDCB2 /* View+WindowHacks.swift in Sources */ = {isa = PBXBuildFile; fileRef = 218CE56F25CA091300FBDCB2 /* View+WindowHacks.swift */; };
		21908CDB25CA2E5800DAF5CB /* IOKit.framework in Frameworks */ = {isa = PBXBuildFile; fileRef = 21908CDA25CA2E5800DAF5CB /* IOKit.framework */; };
		21908CE025CB51D900DAF5CB /* NWConnection+Extensions.swift in Sources */ = {isa = PBXBuildFile; fileRef = 21908CDF25CB51D900DAF5CB /* NWConnection+Extensions.swift */; };
		219E663E25E81B20002BF949 /* ContactUsButton.swift in Sources */ = {isa = PBXBuildFile; fileRef = 219E663D25E81B20002BF949 /* ContactUsButton.swift */; };
		219FF05325F15343006856EE /* Connection.swift in Sources */ = {isa = PBXBuildFile; fileRef = 219FF05225F15343006856EE /* Connection.swift */; };
		219FF05B25F153C2006856EE /* ConnectionSet.swift in Sources */ = {isa = PBXBuildFile; fileRef = 219FF05A25F153C2006856EE /* ConnectionSet.swift */; };
		21A1107425EF1EEC00209D7C /* Echo.swift in Sources */ = {isa = PBXBuildFile; fileRef = 21A1107325EF1EEC00209D7C /* Echo.swift */; };
		21A1107925EF1F2E00209D7C /* EchoTests.swift in Sources */ = {isa = PBXBuildFile; fileRef = 21A1107825EF1F2E00209D7C /* EchoTests.swift */; };
		21A1109225EF2CB500209D7C /* NWConnection+Forwarding.swift in Sources */ = {isa = PBXBuildFile; fileRef = 21A1109125EF2CB500209D7C /* NWConnection+Forwarding.swift */; };
		21A3358025C0BD26007B8C45 /* ProxyApp.swift in Sources */ = {isa = PBXBuildFile; fileRef = 21A3357F25C0BD26007B8C45 /* ProxyApp.swift */; };
		21A3358225C0BD26007B8C45 /* PeersView.swift in Sources */ = {isa = PBXBuildFile; fileRef = 21A3358125C0BD26007B8C45 /* PeersView.swift */; };
		21A3358425C0BD27007B8C45 /* Assets.xcassets in Resources */ = {isa = PBXBuildFile; fileRef = 21A3358325C0BD27007B8C45 /* Assets.xcassets */; };
		21A3358725C0BD27007B8C45 /* Preview Assets.xcassets in Resources */ = {isa = PBXBuildFile; fileRef = 21A3358625C0BD27007B8C45 /* Preview Assets.xcassets */; };
		21A3359225C0BD27007B8C45 /* ProxyTests.swift in Sources */ = {isa = PBXBuildFile; fileRef = 21A3359125C0BD27007B8C45 /* ProxyTests.swift */; };
		21A3359D25C0BD27007B8C45 /* ProxyUITests.swift in Sources */ = {isa = PBXBuildFile; fileRef = 21A3359C25C0BD27007B8C45 /* ProxyUITests.swift */; };
		21A335B525C0BE9F007B8C45 /* Mesh.swift in Sources */ = {isa = PBXBuildFile; fileRef = 21A335B425C0BE9F007B8C45 /* Mesh.swift */; };
		21B1759D25DDEF9E00CEE91A /* ListenerEditorView.swift in Sources */ = {isa = PBXBuildFile; fileRef = 21B1759C25DDEF9E00CEE91A /* ListenerEditorView.swift */; };
		21D2EAF025C7B1AF0059C6B0 /* Config.swift in Sources */ = {isa = PBXBuildFile; fileRef = 21D2EAEF25C7B1AF0059C6B0 /* Config.swift */; };
		21D2EAF825C7B2AC0059C6B0 /* ViewModelProtocols.swift in Sources */ = {isa = PBXBuildFile; fileRef = 21D2EAF725C7B2AC0059C6B0 /* ViewModelProtocols.swift */; };
		21D8020725C8E7D400ABCFA3 /* MockViewModel.swift in Sources */ = {isa = PBXBuildFile; fileRef = 21D8020625C8E7D400ABCFA3 /* MockViewModel.swift */; };
		21E88A3325C4CB9000F33D72 /* PeerAdvertisement.swift in Sources */ = {isa = PBXBuildFile; fileRef = 21E88A3225C4CB9000F33D72 /* PeerAdvertisement.swift */; };
		21E9C86B25F9556700726898 /* RateCounter.swift in Sources */ = {isa = PBXBuildFile; fileRef = 21E9C86A25F9556700726898 /* RateCounter.swift */; };
/* End PBXBuildFile section */

/* Begin PBXContainerItemProxy section */
		21A3358E25C0BD27007B8C45 /* PBXContainerItemProxy */ = {
			isa = PBXContainerItemProxy;
			containerPortal = 21A3357425C0BD26007B8C45 /* Project object */;
			proxyType = 1;
			remoteGlobalIDString = 21A3357B25C0BD26007B8C45;
			remoteInfo = Proxy;
		};
		21A3359925C0BD27007B8C45 /* PBXContainerItemProxy */ = {
			isa = PBXContainerItemProxy;
			containerPortal = 21A3357425C0BD26007B8C45 /* Project object */;
			proxyType = 1;
			remoteGlobalIDString = 21A3357B25C0BD26007B8C45;
			remoteInfo = Proxy;
		};
/* End PBXContainerItemProxy section */

/* Begin PBXFileReference section */
		21283DC925EF344B0002D3FF /* PeerResponse.swift */ = {isa = PBXFileReference; lastKnownFileType = sourcecode.swift; path = PeerResponse.swift; sourceTree = "<group>"; };
		212AE41425D0984B00C3813F /* AnyObject+Extensions.swift */ = {isa = PBXFileReference; lastKnownFileType = sourcecode.swift; path = "AnyObject+Extensions.swift"; sourceTree = "<group>"; };
		212AE42B25D0A9D700C3813F /* NWConnection+SOCKS5.swift */ = {isa = PBXFileReference; lastKnownFileType = sourcecode.swift; path = "NWConnection+SOCKS5.swift"; sourceTree = "<group>"; };
		212AE44A25D1EEF400C3813F /* IntField.swift */ = {isa = PBXFileReference; lastKnownFileType = sourcecode.swift; path = IntField.swift; sourceTree = "<group>"; };
		2132FB8F25E70A3A00196128 /* AboutView.swift */ = {isa = PBXFileReference; lastKnownFileType = sourcecode.swift; path = AboutView.swift; sourceTree = "<group>"; };
		21351D1F25F825E300DC24B7 /* NWError+Codable.swift */ = {isa = PBXFileReference; lastKnownFileType = sourcecode.swift; path = "NWError+Codable.swift"; sourceTree = "<group>"; };
		21351D2725F8261800DC24B7 /* NWError+CodableTest.swift */ = {isa = PBXFileReference; lastKnownFileType = sourcecode.swift; path = "NWError+CodableTest.swift"; sourceTree = "<group>"; };
		213DEC6525D645DF00C0411D /* BindPort.swift */ = {isa = PBXFileReference; lastKnownFileType = sourcecode.swift; path = BindPort.swift; sourceTree = "<group>"; };
		2154B8A525E23CE900C2DA1D /* View+NavButtons.swift */ = {isa = PBXFileReference; lastKnownFileType = sourcecode.swift; path = "View+NavButtons.swift"; sourceTree = "<group>"; };
		215BF40425E83A9D00BC2A09 /* MainScene.swift */ = {isa = PBXFileReference; lastKnownFileType = sourcecode.swift; path = MainScene.swift; sourceTree = "<group>"; };
		215BF41925E8460200BC2A09 /* MyNavigationView.swift */ = {isa = PBXFileReference; lastKnownFileType = sourcecode.swift; path = MyNavigationView.swift; sourceTree = "<group>"; };
		215EE3B225CA1BCF00045BFB /* DeviceInfo.swift */ = {isa = PBXFileReference; lastKnownFileType = sourcecode.swift; path = DeviceInfo.swift; sourceTree = "<group>"; };
		215F780E25FFB4AC00792945 /* WebView.swift */ = {isa = PBXFileReference; lastKnownFileType = sourcecode.swift; path = WebView.swift; sourceTree = "<group>"; };
		2161EAF125FD93D0002CDF5B /* Licenses */ = {isa = PBXFileReference; lastKnownFileType = folder; path = Licenses; sourceTree = "<group>"; };
		2162AD8C25CE01BD00193520 /* PeerRequest.swift */ = {isa = PBXFileReference; lastKnownFileType = sourcecode.swift; path = PeerRequest.swift; sourceTree = "<group>"; };
		2162AD9425CE052100193520 /* DataConvertible.swift */ = {isa = PBXFileReference; lastKnownFileType = sourcecode.swift; path = DataConvertible.swift; sourceTree = "<group>"; };
		216B42E725DE0F07009225AA /* SettingsView.swift */ = {isa = PBXFileReference; lastKnownFileType = sourcecode.swift; path = SettingsView.swift; sourceTree = "<group>"; };
		216B4E8425D0556F00486B42 /* ConnectionForPeer.swift */ = {isa = PBXFileReference; lastKnownFileType = sourcecode.swift; path = ConnectionForPeer.swift; sourceTree = "<group>"; };
		216B4E8925D0557D00486B42 /* ConnectionFromPeer.swift */ = {isa = PBXFileReference; lastKnownFileType = sourcecode.swift; path = ConnectionFromPeer.swift; sourceTree = "<group>"; };
		2186D32925DF253600361CFD /* NWEndpoint+Codable.swift */ = {isa = PBXFileReference; lastKnownFileType = sourcecode.swift; path = "NWEndpoint+Codable.swift"; sourceTree = "<group>"; };
		2186D32E25DF677300361CFD /* Result+Extensions.swift */ = {isa = PBXFileReference; lastKnownFileType = sourcecode.swift; path = "Result+Extensions.swift"; sourceTree = "<group>"; };
		2186D33625DF6A7A00361CFD /* UserError.swift */ = {isa = PBXFileReference; lastKnownFileType = sourcecode.swift; path = UserError.swift; sourceTree = "<group>"; };
		21882DFC25E88DBB0093B42C /* LocationListener.swift */ = {isa = PBXFileReference; fileEncoding = 4; lastKnownFileType = sourcecode.swift; path = LocationListener.swift; sourceTree = "<group>"; };
		21882E3F25EDC1D60093B42C /* NWConnection+Peer.swift */ = {isa = PBXFileReference; lastKnownFileType = sourcecode.swift; path = "NWConnection+Peer.swift"; sourceTree = "<group>"; };
		218CE56F25CA091300FBDCB2 /* View+WindowHacks.swift */ = {isa = PBXFileReference; lastKnownFileType = sourcecode.swift; path = "View+WindowHacks.swift"; sourceTree = "<group>"; };
		21908CDA25CA2E5800DAF5CB /* IOKit.framework */ = {isa = PBXFileReference; lastKnownFileType = wrapper.framework; name = IOKit.framework; path = Platforms/MacOSX.platform/Developer/SDKs/MacOSX11.1.sdk/System/Library/Frameworks/IOKit.framework; sourceTree = DEVELOPER_DIR; };
		21908CDF25CB51D900DAF5CB /* NWConnection+Extensions.swift */ = {isa = PBXFileReference; lastKnownFileType = sourcecode.swift; path = "NWConnection+Extensions.swift"; sourceTree = "<group>"; };
		219E663D25E81B20002BF949 /* ContactUsButton.swift */ = {isa = PBXFileReference; lastKnownFileType = sourcecode.swift; path = ContactUsButton.swift; sourceTree = "<group>"; };
		219FF05225F15343006856EE /* Connection.swift */ = {isa = PBXFileReference; lastKnownFileType = sourcecode.swift; path = Connection.swift; sourceTree = "<group>"; };
		219FF05A25F153C2006856EE /* ConnectionSet.swift */ = {isa = PBXFileReference; lastKnownFileType = sourcecode.swift; path = ConnectionSet.swift; sourceTree = "<group>"; };
		21A1107325EF1EEC00209D7C /* Echo.swift */ = {isa = PBXFileReference; lastKnownFileType = sourcecode.swift; path = Echo.swift; sourceTree = "<group>"; };
		21A1107825EF1F2E00209D7C /* EchoTests.swift */ = {isa = PBXFileReference; lastKnownFileType = sourcecode.swift; path = EchoTests.swift; sourceTree = "<group>"; };
		21A1109125EF2CB500209D7C /* NWConnection+Forwarding.swift */ = {isa = PBXFileReference; lastKnownFileType = sourcecode.swift; path = "NWConnection+Forwarding.swift"; sourceTree = "<group>"; };
		21A3357C25C0BD26007B8C45 /* Proxiy.app */ = {isa = PBXFileReference; explicitFileType = wrapper.application; includeInIndex = 0; path = Proxiy.app; sourceTree = BUILT_PRODUCTS_DIR; };
		21A3357F25C0BD26007B8C45 /* ProxyApp.swift */ = {isa = PBXFileReference; lastKnownFileType = sourcecode.swift; path = ProxyApp.swift; sourceTree = "<group>"; };
		21A3358125C0BD26007B8C45 /* PeersView.swift */ = {isa = PBXFileReference; lastKnownFileType = sourcecode.swift; path = PeersView.swift; sourceTree = "<group>"; };
		21A3358325C0BD27007B8C45 /* Assets.xcassets */ = {isa = PBXFileReference; lastKnownFileType = folder.assetcatalog; path = Assets.xcassets; sourceTree = "<group>"; };
		21A3358625C0BD27007B8C45 /* Preview Assets.xcassets */ = {isa = PBXFileReference; lastKnownFileType = folder.assetcatalog; path = "Preview Assets.xcassets"; sourceTree = "<group>"; };
		21A3358825C0BD27007B8C45 /* Info.plist */ = {isa = PBXFileReference; lastKnownFileType = text.plist.xml; path = Info.plist; sourceTree = "<group>"; };
		21A3358D25C0BD27007B8C45 /* ProxyTests.xctest */ = {isa = PBXFileReference; explicitFileType = wrapper.cfbundle; includeInIndex = 0; path = ProxyTests.xctest; sourceTree = BUILT_PRODUCTS_DIR; };
		21A3359125C0BD27007B8C45 /* ProxyTests.swift */ = {isa = PBXFileReference; lastKnownFileType = sourcecode.swift; path = ProxyTests.swift; sourceTree = "<group>"; };
		21A3359325C0BD27007B8C45 /* Info.plist */ = {isa = PBXFileReference; lastKnownFileType = text.plist.xml; path = Info.plist; sourceTree = "<group>"; };
		21A3359825C0BD27007B8C45 /* ProxyUITests.xctest */ = {isa = PBXFileReference; explicitFileType = wrapper.cfbundle; includeInIndex = 0; path = ProxyUITests.xctest; sourceTree = BUILT_PRODUCTS_DIR; };
		21A3359C25C0BD27007B8C45 /* ProxyUITests.swift */ = {isa = PBXFileReference; lastKnownFileType = sourcecode.swift; path = ProxyUITests.swift; sourceTree = "<group>"; };
		21A3359E25C0BD27007B8C45 /* Info.plist */ = {isa = PBXFileReference; lastKnownFileType = text.plist.xml; path = Info.plist; sourceTree = "<group>"; };
		21A335AD25C0BD6B007B8C45 /* Proxy.entitlements */ = {isa = PBXFileReference; lastKnownFileType = text.plist.entitlements; path = Proxy.entitlements; sourceTree = "<group>"; };
		21A335B425C0BE9F007B8C45 /* Mesh.swift */ = {isa = PBXFileReference; lastKnownFileType = sourcecode.swift; path = Mesh.swift; sourceTree = "<group>"; };
		21B1759C25DDEF9E00CEE91A /* ListenerEditorView.swift */ = {isa = PBXFileReference; lastKnownFileType = sourcecode.swift; path = ListenerEditorView.swift; sourceTree = "<group>"; };
		21D2EAEF25C7B1AF0059C6B0 /* Config.swift */ = {isa = PBXFileReference; lastKnownFileType = sourcecode.swift; path = Config.swift; sourceTree = "<group>"; };
		21D2EAF725C7B2AC0059C6B0 /* ViewModelProtocols.swift */ = {isa = PBXFileReference; lastKnownFileType = sourcecode.swift; path = ViewModelProtocols.swift; sourceTree = "<group>"; };
		21D8020625C8E7D400ABCFA3 /* MockViewModel.swift */ = {isa = PBXFileReference; lastKnownFileType = sourcecode.swift; path = MockViewModel.swift; sourceTree = "<group>"; };
		21E88A3225C4CB9000F33D72 /* PeerAdvertisement.swift */ = {isa = PBXFileReference; lastKnownFileType = sourcecode.swift; path = PeerAdvertisement.swift; sourceTree = "<group>"; };
		21E9C86A25F9556700726898 /* RateCounter.swift */ = {isa = PBXFileReference; lastKnownFileType = sourcecode.swift; path = RateCounter.swift; sourceTree = "<group>"; };
/* End PBXFileReference section */

/* Begin PBXFrameworksBuildPhase section */
		21A3357925C0BD26007B8C45 /* Frameworks */ = {
			isa = PBXFrameworksBuildPhase;
			buildActionMask = 2147483647;
			files = (
				21908CDB25CA2E5800DAF5CB /* IOKit.framework in Frameworks */,
				2161EAE925FD8DB0002CDF5B /* NWHTTPServer in Frameworks */,
			);
			runOnlyForDeploymentPostprocessing = 0;
		};
		21A3358A25C0BD27007B8C45 /* Frameworks */ = {
			isa = PBXFrameworksBuildPhase;
			buildActionMask = 2147483647;
			files = (
			);
			runOnlyForDeploymentPostprocessing = 0;
		};
		21A3359525C0BD27007B8C45 /* Frameworks */ = {
			isa = PBXFrameworksBuildPhase;
			buildActionMask = 2147483647;
			files = (
			);
			runOnlyForDeploymentPostprocessing = 0;
		};
/* End PBXFrameworksBuildPhase section */

/* Begin PBXGroup section */
		2162AD8825CE010700193520 /* Utils */ = {
			isa = PBXGroup;
			children = (
				212AE41425D0984B00C3813F /* AnyObject+Extensions.swift */,
				2162AD9425CE052100193520 /* DataConvertible.swift */,
				2186D32E25DF677300361CFD /* Result+Extensions.swift */,
				21908CDF25CB51D900DAF5CB /* NWConnection+Extensions.swift */,
				212AE42B25D0A9D700C3813F /* NWConnection+SOCKS5.swift */,
				21351D1F25F825E300DC24B7 /* NWError+Codable.swift */,
				2186D32925DF253600361CFD /* NWEndpoint+Codable.swift */,
			);
			path = Utils;
			sourceTree = "<group>";
		};
		21908CD925CA2E5800DAF5CB /* Frameworks */ = {
			isa = PBXGroup;
			children = (
				21908CDA25CA2E5800DAF5CB /* IOKit.framework */,
			);
			name = Frameworks;
			sourceTree = "<group>";
		};
		21A3357325C0BD26007B8C45 = {
			isa = PBXGroup;
			children = (
				21A3357E25C0BD26007B8C45 /* Proxy */,
				21A3359025C0BD27007B8C45 /* ProxyTests */,
				21A3359B25C0BD27007B8C45 /* ProxyUITests */,
				21A3357D25C0BD26007B8C45 /* Products */,
				21908CD925CA2E5800DAF5CB /* Frameworks */,
			);
			sourceTree = "<group>";
		};
		21A3357D25C0BD26007B8C45 /* Products */ = {
			isa = PBXGroup;
			children = (
				21A3357C25C0BD26007B8C45 /* Proxiy.app */,
				21A3358D25C0BD27007B8C45 /* ProxyTests.xctest */,
				21A3359825C0BD27007B8C45 /* ProxyUITests.xctest */,
			);
			name = Products;
			sourceTree = "<group>";
		};
		21A3357E25C0BD26007B8C45 /* Proxy */ = {
			isa = PBXGroup;
			children = (
				21A3358825C0BD27007B8C45 /* Info.plist */,
				21A335AD25C0BD6B007B8C45 /* Proxy.entitlements */,
				21A3357F25C0BD26007B8C45 /* ProxyApp.swift */,
				215EE3B225CA1BCF00045BFB /* DeviceInfo.swift */,
				213DEC6525D645DF00C0411D /* BindPort.swift */,
				21D2EAEF25C7B1AF0059C6B0 /* Config.swift */,
				21882DFC25E88DBB0093B42C /* LocationListener.swift */,
				21D2EAF725C7B2AC0059C6B0 /* ViewModelProtocols.swift */,
				21D2EB0D25C8E0F20059C6B0 /* Views */,
				21D8F06825C2287B009E4190 /* Model */,
				2162AD8825CE010700193520 /* Utils */,
				21A3358325C0BD27007B8C45 /* Assets.xcassets */,
				2161EAF125FD93D0002CDF5B /* Licenses */,
				21A3358525C0BD27007B8C45 /* Preview Content */,
			);
			path = Proxy;
			sourceTree = "<group>";
		};
		21A3358525C0BD27007B8C45 /* Preview Content */ = {
			isa = PBXGroup;
			children = (
				21A3358625C0BD27007B8C45 /* Preview Assets.xcassets */,
			);
			path = "Preview Content";
			sourceTree = "<group>";
		};
		21A3359025C0BD27007B8C45 /* ProxyTests */ = {
			isa = PBXGroup;
			children = (
				21A3359325C0BD27007B8C45 /* Info.plist */,
				21A3359125C0BD27007B8C45 /* ProxyTests.swift */,
				21A1107325EF1EEC00209D7C /* Echo.swift */,
				21A1107825EF1F2E00209D7C /* EchoTests.swift */,
				21351D2725F8261800DC24B7 /* NWError+CodableTest.swift */,
				21A1109125EF2CB500209D7C /* NWConnection+Forwarding.swift */,
			);
			path = ProxyTests;
			sourceTree = "<group>";
		};
		21A3359B25C0BD27007B8C45 /* ProxyUITests */ = {
			isa = PBXGroup;
			children = (
				21A3359E25C0BD27007B8C45 /* Info.plist */,
				21A3359C25C0BD27007B8C45 /* ProxyUITests.swift */,
			);
			path = ProxyUITests;
			sourceTree = "<group>";
		};
		21D2EB0D25C8E0F20059C6B0 /* Views */ = {
			isa = PBXGroup;
			children = (
				21D8020625C8E7D400ABCFA3 /* MockViewModel.swift */,
				215BF40425E83A9D00BC2A09 /* MainScene.swift */,
				21A3358125C0BD26007B8C45 /* PeersView.swift */,
				216B42E725DE0F07009225AA /* SettingsView.swift */,
				21B1759C25DDEF9E00CEE91A /* ListenerEditorView.swift */,
				2132FB8F25E70A3A00196128 /* AboutView.swift */,
				219E663D25E81B20002BF949 /* ContactUsButton.swift */,
				215BF41925E8460200BC2A09 /* MyNavigationView.swift */,
				218CE56F25CA091300FBDCB2 /* View+WindowHacks.swift */,
				2154B8A525E23CE900C2DA1D /* View+NavButtons.swift */,
				2186D33625DF6A7A00361CFD /* UserError.swift */,
				212AE44A25D1EEF400C3813F /* IntField.swift */,
				215F780E25FFB4AC00792945 /* WebView.swift */,
			);
			path = Views;
			sourceTree = "<group>";
		};
		21D8F06825C2287B009E4190 /* Model */ = {
			isa = PBXGroup;
			children = (
				21A335B425C0BE9F007B8C45 /* Mesh.swift */,
				21E88A3225C4CB9000F33D72 /* PeerAdvertisement.swift */,
				2162AD8C25CE01BD00193520 /* PeerRequest.swift */,
				21283DC925EF344B0002D3FF /* PeerResponse.swift */,
				219FF05225F15343006856EE /* Connection.swift */,
				219FF05A25F153C2006856EE /* ConnectionSet.swift */,
				216B4E8425D0556F00486B42 /* ConnectionForPeer.swift */,
				216B4E8925D0557D00486B42 /* ConnectionFromPeer.swift */,
				21882E3F25EDC1D60093B42C /* NWConnection+Peer.swift */,
				21E9C86A25F9556700726898 /* RateCounter.swift */,
			);
			path = Model;
			sourceTree = "<group>";
		};
/* End PBXGroup section */

/* Begin PBXNativeTarget section */
		21A3357B25C0BD26007B8C45 /* Proxiy */ = {
			isa = PBXNativeTarget;
			buildConfigurationList = 21A335A125C0BD27007B8C45 /* Build configuration list for PBXNativeTarget "Proxiy" */;
			buildPhases = (
				21A3357825C0BD26007B8C45 /* Sources */,
				21A3357925C0BD26007B8C45 /* Frameworks */,
				21A3357A25C0BD26007B8C45 /* Resources */,
			);
			buildRules = (
			);
			dependencies = (
			);
			name = Proxiy;
			packageProductDependencies = (
				2161EAE825FD8DB0002CDF5B /* NWHTTPServer */,
			);
			productName = Proxy;
			productReference = 21A3357C25C0BD26007B8C45 /* Proxiy.app */;
			productType = "com.apple.product-type.application";
		};
		21A3358C25C0BD27007B8C45 /* ProxyTests */ = {
			isa = PBXNativeTarget;
			buildConfigurationList = 21A335A425C0BD27007B8C45 /* Build configuration list for PBXNativeTarget "ProxyTests" */;
			buildPhases = (
				21A3358925C0BD27007B8C45 /* Sources */,
				21A3358A25C0BD27007B8C45 /* Frameworks */,
				21A3358B25C0BD27007B8C45 /* Resources */,
			);
			buildRules = (
			);
			dependencies = (
				21A3358F25C0BD27007B8C45 /* PBXTargetDependency */,
			);
			name = ProxyTests;
			productName = ProxyTests;
			productReference = 21A3358D25C0BD27007B8C45 /* ProxyTests.xctest */;
			productType = "com.apple.product-type.bundle.unit-test";
		};
		21A3359725C0BD27007B8C45 /* ProxyUITests */ = {
			isa = PBXNativeTarget;
			buildConfigurationList = 21A335A725C0BD27007B8C45 /* Build configuration list for PBXNativeTarget "ProxyUITests" */;
			buildPhases = (
				21A3359425C0BD27007B8C45 /* Sources */,
				21A3359525C0BD27007B8C45 /* Frameworks */,
				21A3359625C0BD27007B8C45 /* Resources */,
			);
			buildRules = (
			);
			dependencies = (
				21A3359A25C0BD27007B8C45 /* PBXTargetDependency */,
			);
			name = ProxyUITests;
			productName = ProxyUITests;
			productReference = 21A3359825C0BD27007B8C45 /* ProxyUITests.xctest */;
			productType = "com.apple.product-type.bundle.ui-testing";
		};
/* End PBXNativeTarget section */

/* Begin PBXProject section */
		21A3357425C0BD26007B8C45 /* Project object */ = {
			isa = PBXProject;
			attributes = {
				LastSwiftUpdateCheck = 1230;
				LastUpgradeCheck = 1230;
				TargetAttributes = {
					21A3357B25C0BD26007B8C45 = {
						CreatedOnToolsVersion = 12.3;
					};
					21A3358C25C0BD27007B8C45 = {
						CreatedOnToolsVersion = 12.3;
						TestTargetID = 21A3357B25C0BD26007B8C45;
					};
					21A3359725C0BD27007B8C45 = {
						CreatedOnToolsVersion = 12.3;
						TestTargetID = 21A3357B25C0BD26007B8C45;
					};
				};
			};
			buildConfigurationList = 21A3357725C0BD26007B8C45 /* Build configuration list for PBXProject "Proxy" */;
			compatibilityVersion = "Xcode 9.3";
			developmentRegion = en;
			hasScannedForEncodings = 0;
			knownRegions = (
				en,
				Base,
			);
			mainGroup = 21A3357325C0BD26007B8C45;
			packageReferences = (
				2161EAE725FD8DB0002CDF5B /* XCRemoteSwiftPackageReference "NWHTTPProtocol" */,
			);
			productRefGroup = 21A3357D25C0BD26007B8C45 /* Products */;
			projectDirPath = "";
			projectRoot = "";
			targets = (
				21A3357B25C0BD26007B8C45 /* Proxiy */,
				21A3358C25C0BD27007B8C45 /* ProxyTests */,
				21A3359725C0BD27007B8C45 /* ProxyUITests */,
			);
		};
/* End PBXProject section */

/* Begin PBXResourcesBuildPhase section */
		21A3357A25C0BD26007B8C45 /* Resources */ = {
			isa = PBXResourcesBuildPhase;
			buildActionMask = 2147483647;
			files = (
				2161EAF225FD93D0002CDF5B /* Licenses in Resources */,
				21A3358725C0BD27007B8C45 /* Preview Assets.xcassets in Resources */,
				21A3358425C0BD27007B8C45 /* Assets.xcassets in Resources */,
			);
			runOnlyForDeploymentPostprocessing = 0;
		};
		21A3358B25C0BD27007B8C45 /* Resources */ = {
			isa = PBXResourcesBuildPhase;
			buildActionMask = 2147483647;
			files = (
			);
			runOnlyForDeploymentPostprocessing = 0;
		};
		21A3359625C0BD27007B8C45 /* Resources */ = {
			isa = PBXResourcesBuildPhase;
			buildActionMask = 2147483647;
			files = (
			);
			runOnlyForDeploymentPostprocessing = 0;
		};
/* End PBXResourcesBuildPhase section */

/* Begin PBXSourcesBuildPhase section */
		21A3357825C0BD26007B8C45 /* Sources */ = {
			isa = PBXSourcesBuildPhase;
			buildActionMask = 2147483647;
			files = (
				215BF41A25E8460200BC2A09 /* MyNavigationView.swift in Sources */,
				21E9C86B25F9556700726898 /* RateCounter.swift in Sources */,
				21283DCA25EF344B0002D3FF /* PeerResponse.swift in Sources */,
				21882E4025EDC1D60093B42C /* NWConnection+Peer.swift in Sources */,
				216B4E8525D0556F00486B42 /* ConnectionForPeer.swift in Sources */,
				216B42E825DE0F07009225AA /* SettingsView.swift in Sources */,
				212AE42C25D0A9D700C3813F /* NWConnection+SOCKS5.swift in Sources */,
				212AE41525D0984B00C3813F /* AnyObject+Extensions.swift in Sources */,
				219FF05B25F153C2006856EE /* ConnectionSet.swift in Sources */,
				2132FB9025E70A3A00196128 /* AboutView.swift in Sources */,
				2162AD8D25CE01BD00193520 /* PeerRequest.swift in Sources */,
				218CE57025CA091300FBDCB2 /* View+WindowHacks.swift in Sources */,
				213DEC6625D645DF00C0411D /* BindPort.swift in Sources */,
				21A335B525C0BE9F007B8C45 /* Mesh.swift in Sources */,
				21D2EAF025C7B1AF0059C6B0 /* Config.swift in Sources */,
				212AE44B25D1EEF400C3813F /* IntField.swift in Sources */,
				21882DFD25E88DBB0093B42C /* LocationListener.swift in Sources */,
				2154B8A625E23CE900C2DA1D /* View+NavButtons.swift in Sources */,
				2162AD9525CE052100193520 /* DataConvertible.swift in Sources */,
				21E88A3325C4CB9000F33D72 /* PeerAdvertisement.swift in Sources */,
				2186D32F25DF677300361CFD /* Result+Extensions.swift in Sources */,
				216B4E8A25D0557D00486B42 /* ConnectionFromPeer.swift in Sources */,
				2186D32A25DF253600361CFD /* NWEndpoint+Codable.swift in Sources */,
				215BF40525E83A9D00BC2A09 /* MainScene.swift in Sources */,
				21B1759D25DDEF9E00CEE91A /* ListenerEditorView.swift in Sources */,
				21908CE025CB51D900DAF5CB /* NWConnection+Extensions.swift in Sources */,
				219FF05325F15343006856EE /* Connection.swift in Sources */,
				21351D2025F825E300DC24B7 /* NWError+Codable.swift in Sources */,
				215EE3B325CA1BCF00045BFB /* DeviceInfo.swift in Sources */,
				21D8020725C8E7D400ABCFA3 /* MockViewModel.swift in Sources */,
				21A3358225C0BD26007B8C45 /* PeersView.swift in Sources */,
				2186D33725DF6A7A00361CFD /* UserError.swift in Sources */,
				21D2EAF825C7B2AC0059C6B0 /* ViewModelProtocols.swift in Sources */,
				215F780F25FFB4AC00792945 /* WebView.swift in Sources */,
				219E663E25E81B20002BF949 /* ContactUsButton.swift in Sources */,
				21A3358025C0BD26007B8C45 /* ProxyApp.swift in Sources */,
			);
			runOnlyForDeploymentPostprocessing = 0;
		};
		21A3358925C0BD27007B8C45 /* Sources */ = {
			isa = PBXSourcesBuildPhase;
			buildActionMask = 2147483647;
			files = (
				21A1107925EF1F2E00209D7C /* EchoTests.swift in Sources */,
				21351D2825F8261800DC24B7 /* NWError+CodableTest.swift in Sources */,
				21A1107425EF1EEC00209D7C /* Echo.swift in Sources */,
				21A3359225C0BD27007B8C45 /* ProxyTests.swift in Sources */,
				21A1109225EF2CB500209D7C /* NWConnection+Forwarding.swift in Sources */,
			);
			runOnlyForDeploymentPostprocessing = 0;
		};
		21A3359425C0BD27007B8C45 /* Sources */ = {
			isa = PBXSourcesBuildPhase;
			buildActionMask = 2147483647;
			files = (
				21A3359D25C0BD27007B8C45 /* ProxyUITests.swift in Sources */,
			);
			runOnlyForDeploymentPostprocessing = 0;
		};
/* End PBXSourcesBuildPhase section */

/* Begin PBXTargetDependency section */
		21A3358F25C0BD27007B8C45 /* PBXTargetDependency */ = {
			isa = PBXTargetDependency;
			target = 21A3357B25C0BD26007B8C45 /* Proxiy */;
			targetProxy = 21A3358E25C0BD27007B8C45 /* PBXContainerItemProxy */;
		};
		21A3359A25C0BD27007B8C45 /* PBXTargetDependency */ = {
			isa = PBXTargetDependency;
			target = 21A3357B25C0BD26007B8C45 /* Proxiy */;
			targetProxy = 21A3359925C0BD27007B8C45 /* PBXContainerItemProxy */;
		};
/* End PBXTargetDependency section */

/* Begin XCBuildConfiguration section */
		21A3359F25C0BD27007B8C45 /* Debug */ = {
			isa = XCBuildConfiguration;
			buildSettings = {
				ALWAYS_SEARCH_USER_PATHS = NO;
				CLANG_ANALYZER_NONNULL = YES;
				CLANG_ANALYZER_NUMBER_OBJECT_CONVERSION = YES_AGGRESSIVE;
				CLANG_CXX_LANGUAGE_STANDARD = "gnu++14";
				CLANG_CXX_LIBRARY = "libc++";
				CLANG_ENABLE_MODULES = YES;
				CLANG_ENABLE_OBJC_ARC = YES;
				CLANG_ENABLE_OBJC_WEAK = YES;
				CLANG_WARN_BLOCK_CAPTURE_AUTORELEASING = YES;
				CLANG_WARN_BOOL_CONVERSION = YES;
				CLANG_WARN_COMMA = YES;
				CLANG_WARN_CONSTANT_CONVERSION = YES;
				CLANG_WARN_DEPRECATED_OBJC_IMPLEMENTATIONS = YES;
				CLANG_WARN_DIRECT_OBJC_ISA_USAGE = YES_ERROR;
				CLANG_WARN_DOCUMENTATION_COMMENTS = YES;
				CLANG_WARN_EMPTY_BODY = YES;
				CLANG_WARN_ENUM_CONVERSION = YES;
				CLANG_WARN_INFINITE_RECURSION = YES;
				CLANG_WARN_INT_CONVERSION = YES;
				CLANG_WARN_NON_LITERAL_NULL_CONVERSION = YES;
				CLANG_WARN_OBJC_IMPLICIT_RETAIN_SELF = YES;
				CLANG_WARN_OBJC_LITERAL_CONVERSION = YES;
				CLANG_WARN_OBJC_ROOT_CLASS = YES_ERROR;
				CLANG_WARN_QUOTED_INCLUDE_IN_FRAMEWORK_HEADER = YES;
				CLANG_WARN_RANGE_LOOP_ANALYSIS = YES;
				CLANG_WARN_STRICT_PROTOTYPES = YES;
				CLANG_WARN_SUSPICIOUS_MOVE = YES;
				CLANG_WARN_UNGUARDED_AVAILABILITY = YES_AGGRESSIVE;
				CLANG_WARN_UNREACHABLE_CODE = YES;
				CLANG_WARN__DUPLICATE_METHOD_MATCH = YES;
				COPY_PHASE_STRIP = NO;
				DEBUG_INFORMATION_FORMAT = dwarf;
				ENABLE_STRICT_OBJC_MSGSEND = YES;
				ENABLE_TESTABILITY = YES;
				GCC_C_LANGUAGE_STANDARD = gnu11;
				GCC_DYNAMIC_NO_PIC = NO;
				GCC_NO_COMMON_BLOCKS = YES;
				GCC_OPTIMIZATION_LEVEL = 0;
				GCC_PREPROCESSOR_DEFINITIONS = (
					"DEBUG=1",
					"$(inherited)",
				);
				GCC_WARN_64_TO_32_BIT_CONVERSION = YES;
				GCC_WARN_ABOUT_RETURN_TYPE = YES_ERROR;
				GCC_WARN_UNDECLARED_SELECTOR = YES;
				GCC_WARN_UNINITIALIZED_AUTOS = YES_AGGRESSIVE;
				GCC_WARN_UNUSED_FUNCTION = YES;
				GCC_WARN_UNUSED_VARIABLE = YES;
				IPHONEOS_DEPLOYMENT_TARGET = 14.3;
				MTL_ENABLE_DEBUG_INFO = INCLUDE_SOURCE;
				MTL_FAST_MATH = YES;
				ONLY_ACTIVE_ARCH = YES;
				SDKROOT = iphoneos;
				SWIFT_ACTIVE_COMPILATION_CONDITIONS = DEBUG;
				SWIFT_OPTIMIZATION_LEVEL = "-Onone";
			};
			name = Debug;
		};
		21A335A025C0BD27007B8C45 /* Release */ = {
			isa = XCBuildConfiguration;
			buildSettings = {
				ALWAYS_SEARCH_USER_PATHS = NO;
				CLANG_ANALYZER_NONNULL = YES;
				CLANG_ANALYZER_NUMBER_OBJECT_CONVERSION = YES_AGGRESSIVE;
				CLANG_CXX_LANGUAGE_STANDARD = "gnu++14";
				CLANG_CXX_LIBRARY = "libc++";
				CLANG_ENABLE_MODULES = YES;
				CLANG_ENABLE_OBJC_ARC = YES;
				CLANG_ENABLE_OBJC_WEAK = YES;
				CLANG_WARN_BLOCK_CAPTURE_AUTORELEASING = YES;
				CLANG_WARN_BOOL_CONVERSION = YES;
				CLANG_WARN_COMMA = YES;
				CLANG_WARN_CONSTANT_CONVERSION = YES;
				CLANG_WARN_DEPRECATED_OBJC_IMPLEMENTATIONS = YES;
				CLANG_WARN_DIRECT_OBJC_ISA_USAGE = YES_ERROR;
				CLANG_WARN_DOCUMENTATION_COMMENTS = YES;
				CLANG_WARN_EMPTY_BODY = YES;
				CLANG_WARN_ENUM_CONVERSION = YES;
				CLANG_WARN_INFINITE_RECURSION = YES;
				CLANG_WARN_INT_CONVERSION = YES;
				CLANG_WARN_NON_LITERAL_NULL_CONVERSION = YES;
				CLANG_WARN_OBJC_IMPLICIT_RETAIN_SELF = YES;
				CLANG_WARN_OBJC_LITERAL_CONVERSION = YES;
				CLANG_WARN_OBJC_ROOT_CLASS = YES_ERROR;
				CLANG_WARN_QUOTED_INCLUDE_IN_FRAMEWORK_HEADER = YES;
				CLANG_WARN_RANGE_LOOP_ANALYSIS = YES;
				CLANG_WARN_STRICT_PROTOTYPES = YES;
				CLANG_WARN_SUSPICIOUS_MOVE = YES;
				CLANG_WARN_UNGUARDED_AVAILABILITY = YES_AGGRESSIVE;
				CLANG_WARN_UNREACHABLE_CODE = YES;
				CLANG_WARN__DUPLICATE_METHOD_MATCH = YES;
				COPY_PHASE_STRIP = NO;
				DEBUG_INFORMATION_FORMAT = "dwarf-with-dsym";
				ENABLE_NS_ASSERTIONS = NO;
				ENABLE_STRICT_OBJC_MSGSEND = YES;
				GCC_C_LANGUAGE_STANDARD = gnu11;
				GCC_NO_COMMON_BLOCKS = YES;
				GCC_WARN_64_TO_32_BIT_CONVERSION = YES;
				GCC_WARN_ABOUT_RETURN_TYPE = YES_ERROR;
				GCC_WARN_UNDECLARED_SELECTOR = YES;
				GCC_WARN_UNINITIALIZED_AUTOS = YES_AGGRESSIVE;
				GCC_WARN_UNUSED_FUNCTION = YES;
				GCC_WARN_UNUSED_VARIABLE = YES;
				IPHONEOS_DEPLOYMENT_TARGET = 14.3;
				MTL_ENABLE_DEBUG_INFO = NO;
				MTL_FAST_MATH = YES;
				SDKROOT = iphoneos;
				SWIFT_COMPILATION_MODE = wholemodule;
				SWIFT_OPTIMIZATION_LEVEL = "-O";
				VALIDATE_PRODUCT = YES;
			};
			name = Release;
		};
		21A335A225C0BD27007B8C45 /* Debug */ = {
			isa = XCBuildConfiguration;
			buildSettings = {
				ASSETCATALOG_COMPILER_APPICON_NAME = AppIcon;
				ASSETCATALOG_COMPILER_GLOBAL_ACCENT_COLOR_NAME = AccentColor;
				CODE_SIGN_ENTITLEMENTS = Proxy/Proxy.entitlements;
				CODE_SIGN_STYLE = Automatic;
				DEVELOPMENT_ASSET_PATHS = "\"Proxy/Preview Content\"";
				DEVELOPMENT_TEAM = 9N2BT52DHB;
				ENABLE_PREVIEWS = YES;
				INFOPLIST_FILE = Proxy/Info.plist;
				IPHONEOS_DEPLOYMENT_TARGET = 14.0;
				LD_RUNPATH_SEARCH_PATHS = (
					"$(inherited)",
					"@executable_path/Frameworks",
				);
				PRODUCT_BUNDLE_IDENTIFIER = si.jancar.Proxiy;
				PRODUCT_NAME = "$(TARGET_NAME)";
				SUPPORTS_MACCATALYST = YES;
				SWIFT_VERSION = 5.0;
				TARGETED_DEVICE_FAMILY = "1,2,6";
			};
			name = Debug;
		};
		21A335A325C0BD27007B8C45 /* Release */ = {
			isa = XCBuildConfiguration;
			buildSettings = {
				ASSETCATALOG_COMPILER_APPICON_NAME = AppIcon;
				ASSETCATALOG_COMPILER_GLOBAL_ACCENT_COLOR_NAME = AccentColor;
				CODE_SIGN_ENTITLEMENTS = Proxy/Proxy.entitlements;
				CODE_SIGN_STYLE = Automatic;
				DEVELOPMENT_ASSET_PATHS = "\"Proxy/Preview Content\"";
				DEVELOPMENT_TEAM = 9N2BT52DHB;
				ENABLE_PREVIEWS = YES;
				INFOPLIST_FILE = Proxy/Info.plist;
				IPHONEOS_DEPLOYMENT_TARGET = 14.0;
				LD_RUNPATH_SEARCH_PATHS = (
					"$(inherited)",
					"@executable_path/Frameworks",
				);
				PRODUCT_BUNDLE_IDENTIFIER = si.jancar.Proxiy;
				PRODUCT_NAME = "$(TARGET_NAME)";
				SUPPORTS_MACCATALYST = YES;
				SWIFT_VERSION = 5.0;
				TARGETED_DEVICE_FAMILY = "1,2,6";
			};
			name = Release;
		};
		21A335A525C0BD27007B8C45 /* Debug */ = {
			isa = XCBuildConfiguration;
			buildSettings = {
				ALWAYS_EMBED_SWIFT_STANDARD_LIBRARIES = YES;
				BUNDLE_LOADER = "$(TEST_HOST)";
				CODE_SIGN_STYLE = Automatic;
				DEVELOPMENT_TEAM = 9N2BT52DHB;
				INFOPLIST_FILE = ProxyTests/Info.plist;
				IPHONEOS_DEPLOYMENT_TARGET = 14.0;
				LD_RUNPATH_SEARCH_PATHS = (
					"$(inherited)",
					"@executable_path/Frameworks",
					"@loader_path/Frameworks",
				);
				PRODUCT_BUNDLE_IDENTIFIER = si.jancar.ProxyTests;
				PRODUCT_NAME = "$(TARGET_NAME)";
				SWIFT_VERSION = 5.0;
				TARGETED_DEVICE_FAMILY = "1,2";
				TEST_HOST = "$(BUILT_PRODUCTS_DIR)/Proxiy.app/Proxiy";
			};
			name = Debug;
		};
		21A335A625C0BD27007B8C45 /* Release */ = {
			isa = XCBuildConfiguration;
			buildSettings = {
				ALWAYS_EMBED_SWIFT_STANDARD_LIBRARIES = YES;
				BUNDLE_LOADER = "$(TEST_HOST)";
				CODE_SIGN_STYLE = Automatic;
				DEVELOPMENT_TEAM = 9N2BT52DHB;
				INFOPLIST_FILE = ProxyTests/Info.plist;
				IPHONEOS_DEPLOYMENT_TARGET = 14.0;
				LD_RUNPATH_SEARCH_PATHS = (
					"$(inherited)",
					"@executable_path/Frameworks",
					"@loader_path/Frameworks",
				);
				PRODUCT_BUNDLE_IDENTIFIER = si.jancar.ProxyTests;
				PRODUCT_NAME = "$(TARGET_NAME)";
				SWIFT_VERSION = 5.0;
				TARGETED_DEVICE_FAMILY = "1,2";
				TEST_HOST = "$(BUILT_PRODUCTS_DIR)/Proxiy.app/Proxiy";
			};
			name = Release;
		};
		21A335A825C0BD27007B8C45 /* Debug */ = {
			isa = XCBuildConfiguration;
			buildSettings = {
				ALWAYS_EMBED_SWIFT_STANDARD_LIBRARIES = YES;
				CODE_SIGN_STYLE = Automatic;
				DEVELOPMENT_TEAM = 9N2BT52DHB;
				INFOPLIST_FILE = ProxyUITests/Info.plist;
				LD_RUNPATH_SEARCH_PATHS = (
					"$(inherited)",
					"@executable_path/Frameworks",
					"@loader_path/Frameworks",
				);
				PRODUCT_BUNDLE_IDENTIFIER = si.jancar.ProxyUITests;
				PRODUCT_NAME = "$(TARGET_NAME)";
				SWIFT_VERSION = 5.0;
				TARGETED_DEVICE_FAMILY = "1,2";
				TEST_TARGET_NAME = Proxy;
			};
			name = Debug;
		};
		21A335A925C0BD27007B8C45 /* Release */ = {
			isa = XCBuildConfiguration;
			buildSettings = {
				ALWAYS_EMBED_SWIFT_STANDARD_LIBRARIES = YES;
				CODE_SIGN_STYLE = Automatic;
				DEVELOPMENT_TEAM = 9N2BT52DHB;
				INFOPLIST_FILE = ProxyUITests/Info.plist;
				LD_RUNPATH_SEARCH_PATHS = (
					"$(inherited)",
					"@executable_path/Frameworks",
					"@loader_path/Frameworks",
				);
				PRODUCT_BUNDLE_IDENTIFIER = si.jancar.ProxyUITests;
				PRODUCT_NAME = "$(TARGET_NAME)";
				SWIFT_VERSION = 5.0;
				TARGETED_DEVICE_FAMILY = "1,2";
				TEST_TARGET_NAME = Proxy;
			};
			name = Release;
		};
/* End XCBuildConfiguration section */

/* Begin XCConfigurationList section */
		21A3357725C0BD26007B8C45 /* Build configuration list for PBXProject "Proxy" */ = {
			isa = XCConfigurationList;
			buildConfigurations = (
				21A3359F25C0BD27007B8C45 /* Debug */,
				21A335A025C0BD27007B8C45 /* Release */,
			);
			defaultConfigurationIsVisible = 0;
			defaultConfigurationName = Release;
		};
		21A335A125C0BD27007B8C45 /* Build configuration list for PBXNativeTarget "Proxiy" */ = {
			isa = XCConfigurationList;
			buildConfigurations = (
				21A335A225C0BD27007B8C45 /* Debug */,
				21A335A325C0BD27007B8C45 /* Release */,
			);
			defaultConfigurationIsVisible = 0;
			defaultConfigurationName = Release;
		};
		21A335A425C0BD27007B8C45 /* Build configuration list for PBXNativeTarget "ProxyTests" */ = {
			isa = XCConfigurationList;
			buildConfigurations = (
				21A335A525C0BD27007B8C45 /* Debug */,
				21A335A625C0BD27007B8C45 /* Release */,
			);
			defaultConfigurationIsVisible = 0;
			defaultConfigurationName = Release;
		};
		21A335A725C0BD27007B8C45 /* Build configuration list for PBXNativeTarget "ProxyUITests" */ = {
			isa = XCConfigurationList;
			buildConfigurations = (
				21A335A825C0BD27007B8C45 /* Debug */,
				21A335A925C0BD27007B8C45 /* Release */,
			);
			defaultConfigurationIsVisible = 0;
			defaultConfigurationName = Release;
		};
/* End XCConfigurationList section */

/* Begin XCRemoteSwiftPackageReference section */
		2161EAE725FD8DB0002CDF5B /* XCRemoteSwiftPackageReference "NWHTTPProtocol" */ = {
			isa = XCRemoteSwiftPackageReference;
			repositoryURL = "https://github.com/AlwaysRightInstitute/NWHTTPProtocol";
			requirement = {
				kind = revision;
				revision = eefe85493f6b8d3186a5790a5cb86a900fd6f291;
			};
		};
/* End XCRemoteSwiftPackageReference section */

/* Begin XCSwiftPackageProductDependency section */
		2161EAE825FD8DB0002CDF5B /* NWHTTPServer */ = {
			isa = XCSwiftPackageProductDependency;
			package = 2161EAE725FD8DB0002CDF5B /* XCRemoteSwiftPackageReference "NWHTTPProtocol" */;
			productName = NWHTTPServer;
		};
/* End XCSwiftPackageProductDependency section */
	};
	rootObject = 21A3357425C0BD26007B8C45 /* Project object */;
}
