{
  "object": {
    "pins": [
      {
        "package": "ModalView",
        "repositoryURL": "https://github.com/diniska/modal-view",
        "state": {
          "branch": null,
          "revision": "e9063b249148134b6ab24832ac8101835638a5af",
          "version": "1.0.0"
        }
      }
    ]
  },
  "version": 1
}
